<?xml version="1.0" encoding="utf-8"?>
<Project ToolsVersion="4.0" xmlns="http://schemas.microsoft.com/developer/msbuild/2003">
  <ItemGroup>
    <Filter Include="Source Files">
      <UniqueIdentifier>{4FC737F1-C7A5-4376-A066-2A32D752A2FF}</UniqueIdentifier>
      <Extensions>cpp;c;cc;cxx;c++;cppm;ixx;def;odl;idl;hpj;bat;asm;asmx</Extensions>
    </Filter>
    <Filter Include="Header Files">
      <UniqueIdentifier>{93995380-89BD-4b04-88EB-625FBE52EBFB}</UniqueIdentifier>
      <Extensions>h;hh;hpp;hxx;h++;hm;inl;inc;ipp;xsd</Extensions>
    </Filter>
    <Filter Include="Resource Files">
      <UniqueIdentifier>{67DA6AB6-F800-4c08-8B7A-83BB121AAD01}</UniqueIdentifier>
      <Extensions>rc;ico;cur;bmp;dlg;rc2;rct;bin;rgs;gif;jpg;jpeg;jpe;resx;tiff;tif;png;wav;mfcribbon-ms</Extensions>
    </Filter>
    <Filter Include="Source Files\packets">
      <UniqueIdentifier>{6c9fe56a-5f81-4232-8b0e-a4546fb231d2}</UniqueIdentifier>
    </Filter>
    <Filter Include="Source Files\jka">
      <UniqueIdentifier>{eb8240da-4cc8-4e5f-a598-75c6adcd8921}</UniqueIdentifier>
    </Filter>
    <Filter Include="Header Files\packets">
      <UniqueIdentifier>{03d9ca06-1d88-4a39-b273-d1278b60e677}</UniqueIdentifier>
    </Filter>
    <Filter Include="Header Files\jka">
      <UniqueIdentifier>{3eecff07-e50e-4626-8b84-2ff850426c6a}</UniqueIdentifier>
    </Filter>
    <Filter Include="data">
      <UniqueIdentifier>{862b0263-1307-4de6-93c0-dc15488f2b80}</UniqueIdentifier>
    </Filter>
    <Filter Include="Header Files\protocol">
      <UniqueIdentifier>{3d22dfdb-cb1a-45ee-8ef8-4fa7b91dec0b}</UniqueIdentifier>
    </Filter>
    <Filter Include="Source Files\protocol">
      <UniqueIdentifier>{786e345a-b308-4d84-ae68-490a4a773786}</UniqueIdentifier>
    </Filter>
    <Filter Include="Header Files\utility">
      <UniqueIdentifier>{f1ca90df-2663-4842-9000-765a10d4c12c}</UniqueIdentifier>
    </Filter>
  </ItemGroup>
  <ItemGroup>
    <ClCompile Include="src\AnimationState.cpp">
      <Filter>Source Files</Filter>
    </ClCompile>
    <ClCompile Include="src\CommandExecutor.cpp">
      <Filter>Source Files</Filter>
    </ClCompile>
    <ClCompile Include="src\CommandParser.cpp">
      <Filter>Source Files</Filter>
    </ClCompile>
    <ClCompile Include="src\Huffman.cpp">
      <Filter>Source Files</Filter>
    </ClCompile>
    <ClCompile Include="src\JKAInfo.cpp">
      <Filter>Source Files</Filter>
    </ClCompile>
    <ClCompile Include="src\packets\ConnlessPacketFactory.cpp">
      <Filter>Source Files\packets</Filter>
    </ClCompile>
    <ClCompile Include="src\jka\JKAAnims.cpp">
      <Filter>Source Files\jka</Filter>
    </ClCompile>
    <ClCompile Include="src\jka\JKAEvents.cpp">
      <Filter>Source Files\jka</Filter>
    </ClCompile>
    <ClCompile Include="src\jka\JKAFunctions.cpp">
      <Filter>Source Files\jka</Filter>
    </ClCompile>
    <ClCompile Include="src\protocol\CompressedMessage.cpp">
      <Filter>Source Files\protocol</Filter>
    </ClCompile>
    <ClCompile Include="src\ServerPacketParser.cpp">
      <Filter>Source Files</Filter>
    </ClCompile>
    <ClCompile Include="src\ClientPacketParser.cpp">
      <Filter>Source Files</Filter>
    </ClCompile>
    <ClCompile Include="include\JKAProto\AdvancedCommandExecutor.cpp">
      <Filter>Source Files</Filter>
    </ClCompile>
  </ItemGroup>
  <ItemGroup>
    <ClInclude Include="include\JKAProto\_HuffmanTable.h">
      <Filter>Header Files</Filter>
    </ClInclude>
    <ClInclude Include="include\JKAProto\AnimationState.h">
      <Filter>Header Files</Filter>
    </ClInclude>
    <ClInclude Include="include\JKAProto\CommandExecutor.h">
      <Filter>Header Files</Filter>
    </ClInclude>
    <ClInclude Include="include\JKAProto\CommandParser.h">
      <Filter>Header Files</Filter>
    </ClInclude>
    <ClInclude Include="include\JKAProto\CTHash.h">
      <Filter>Header Files</Filter>
    </ClInclude>
    <ClInclude Include="include\JKAProto\Geometry.h">
      <Filter>Header Files</Filter>
    </ClInclude>
    <ClInclude Include="include\JKAProto\Huffman.h">
      <Filter>Header Files</Filter>
    </ClInclude>
    <ClInclude Include="include\JKAProto\JKAInfo.h">
      <Filter>Header Files</Filter>
    </ClInclude>
    <ClInclude Include="include\JKAProto\jka\JKAAnims.h">
      <Filter>Header Files\jka</Filter>
    </ClInclude>
    <ClInclude Include="include\JKAProto\jka\JKAConstants.h">
      <Filter>Header Files\jka</Filter>
    </ClInclude>
    <ClInclude Include="include\JKAProto\jka\JKADefs.h">
      <Filter>Header Files\jka</Filter>
    </ClInclude>
    <ClInclude Include="include\JKAProto\jka\JKADefsNet.h">
      <Filter>Header Files\jka</Filter>
    </ClInclude>
    <ClInclude Include="include\JKAProto\jka\JKAEnums.h">
      <Filter>Header Files\jka</Filter>
    </ClInclude>
    <ClInclude Include="include\JKAProto\jka\JKAEvents.h">
      <Filter>Header Files\jka</Filter>
    </ClInclude>
    <ClInclude Include="include\JKAProto\jka\JKAFunctions.h">
      <Filter>Header Files\jka</Filter>
    </ClInclude>
    <ClInclude Include="include\JKAProto\jka\JKAStructs.h">
      <Filter>Header Files\jka</Filter>
    </ClInclude>
    <ClInclude Include="include\JKAProto\jka\Usercmd.h">
      <Filter>Header Files\jka</Filter>
    </ClInclude>
    <ClInclude Include="include\JKAProto\jka\Buttons.h">
      <Filter>Header Files\jka</Filter>
    </ClInclude>
    <ClInclude Include="include\JKAProto\jka\Gencmds.h">
      <Filter>Header Files\jka</Filter>
    </ClInclude>
    <ClInclude Include="include\JKAProto\packets\Disconnect.h">
      <Filter>Header Files\packets</Filter>
    </ClInclude>
    <ClInclude Include="include\JKAProto\packets\Getchallenge.h">
      <Filter>Header Files\packets</Filter>
    </ClInclude>
    <ClInclude Include="include\JKAProto\packets\Getinfo.h">
      <Filter>Header Files\packets</Filter>
    </ClInclude>
    <ClInclude Include="include\JKAProto\packets\Getservers.h">
      <Filter>Header Files\packets</Filter>
    </ClInclude>
    <ClInclude Include="include\JKAProto\packets\Getstatus.h">
      <Filter>Header Files\packets</Filter>
    </ClInclude>
    <ClInclude Include="include\JKAProto\packets\Print.h">
      <Filter>Header Files\packets</Filter>
    </ClInclude>
    <ClInclude Include="include\JKAProto\packets\Rcon.h">
      <Filter>Header Files\packets</Filter>
    </ClInclude>
    <ClInclude Include="include\JKAProto\packets\AllConnlessPackets.h">
      <Filter>Header Files\packets</Filter>
    </ClInclude>
    <ClInclude Include="include\JKAProto\packets\Connect.h">
      <Filter>Header Files\packets</Filter>
    </ClInclude>
    <ClInclude Include="include\JKAProto\packets\ConnlessPacket.h">
      <Filter>Header Files\packets</Filter>
    </ClInclude>
    <ClInclude Include="include\JKAProto\packets\ConnlessPacketFactory.h">
      <Filter>Header Files\packets</Filter>
    </ClInclude>
    <ClInclude Include="include\JKAProto\protocol\RawPacket.h">
      <Filter>Header Files\protocol</Filter>
    </ClInclude>
    <ClInclude Include="include\JKAProto\utility\Span.h">
      <Filter>Header Files\utility</Filter>
    </ClInclude>
    <ClInclude Include="include\JKAProto\utility\BitCast.h">
      <Filter>Header Files\utility</Filter>
    </ClInclude>
    <ClInclude Include="include\JKAProto\protocol\ServerPacket.h">
      <Filter>Header Files\protocol</Filter>
    </ClInclude>
    <ClInclude Include="include\JKAProto\utility\Traits.h">
      <Filter>Header Files\utility</Filter>
    </ClInclude>
    <ClInclude Include="include\JKAProto\protocol\PacketBase.h">
      <Filter>Header Files\protocol</Filter>
    </ClInclude>
    <ClInclude Include="include\JKAProto\protocol\CompressedMessage.h">
      <Filter>Header Files\protocol</Filter>
    </ClInclude>
    <ClInclude Include="include\JKAProto\SharedDefs.h">
      <Filter>Header Files</Filter>
    </ClInclude>
    <ClInclude Include="include\JKAProto\protocol\FragmentBuffer.h">
      <Filter>Header Files\protocol</Filter>
    </ClInclude>
    <ClInclude Include="include\JKAProto\protocol\Netchan.h">
      <Filter>Header Files\protocol</Filter>
    </ClInclude>
    <ClInclude Include="include\JKAProto\protocol\PacketEncoder.h">
      <Filter>Header Files\protocol</Filter>
    </ClInclude>
    <ClInclude Include="include\JKAProto\protocol\ClientPacket.h">
      <Filter>Header Files\protocol</Filter>
    </ClInclude>
    <ClInclude Include="include\JKAProto\ClientGameState.h">
      <Filter>Header Files</Filter>
    </ClInclude>
    <ClInclude Include="include\JKAProto\CEntity.h">
      <Filter>Header Files</Filter>
    </ClInclude>
    <ClInclude Include="include\JKAProto\ClientConnection.h">
      <Filter>Header Files</Filter>
    </ClInclude>
    <ClInclude Include="include\JKAProto\ReliableCommandsStore.h">
      <Filter>Header Files</Filter>
    </ClInclude>
    <ClInclude Include="include\JKAProto\ServerPacketParser.h">
      <Filter>Header Files</Filter>
    </ClInclude>
    <ClInclude Include="include\JKAProto\ClientPacketParser.h">
      <Filter>Header Files</Filter>
    </ClInclude>
    <ClInclude Include="include\JKAProto\ClientEventsListener.h">
      <Filter>Header Files</Filter>
    </ClInclude>
    <ClInclude Include="include\JKAProto\Snapshot.h">
      <Filter>Header Files</Filter>
    </ClInclude>
    <ClInclude Include="include\JKAProto\AdvancedCommandExecutor.h">
      <Filter>Header Files</Filter>
    </ClInclude>
    <ClInclude Include="include\JKAProto\StringLiteral.h">
      <Filter>Header Files</Filter>
    </ClInclude>
  </ItemGroup>
  <ItemGroup>
    <None Include="include\JKAProto\data\ConnlessPacketsList.inc">
      <Filter>data</Filter>
    </None>
    <None Include="include\JKAProto\data\JKAEvents.inc">
      <Filter>data</Filter>
    </None>
  </ItemGroup>
</Project>